// !$*UTF8*$!
{
	archiveVersion = 1;
	classes = {
	};
	objectVersion = 46;
	objects = {

/* Begin PBXBuildFile section */
		439012EE1862789A0056A47E /* Foundation.framework in Frameworks */ = {isa = PBXBuildFile; fileRef = 439012ED1862789A0056A47E /* Foundation.framework */; };
		439012F01862789A0056A47E /* CoreGraphics.framework in Frameworks */ = {isa = PBXBuildFile; fileRef = 439012EF1862789A0056A47E /* CoreGraphics.framework */; };
		439012F21862789A0056A47E /* UIKit.framework in Frameworks */ = {isa = PBXBuildFile; fileRef = 439012F11862789A0056A47E /* UIKit.framework */; };
		439012F81862789B0056A47E /* InfoPlist.strings in Resources */ = {isa = PBXBuildFile; fileRef = 439012F61862789B0056A47E /* InfoPlist.strings */; };
		439012FA1862789B0056A47E /* main.m in Sources */ = {isa = PBXBuildFile; fileRef = 439012F91862789B0056A47E /* main.m */; };
		439012FE1862789B0056A47E /* HDAppDelegate.m in Sources */ = {isa = PBXBuildFile; fileRef = 439012FD1862789B0056A47E /* HDAppDelegate.m */; };
		439013011862789B0056A47E /* Main.storyboard in Resources */ = {isa = PBXBuildFile; fileRef = 439012FF1862789B0056A47E /* Main.storyboard */; };
		439013041862789B0056A47E /* HDViewController.m in Sources */ = {isa = PBXBuildFile; fileRef = 439013031862789B0056A47E /* HDViewController.m */; };
		439013061862789B0056A47E /* Images.xcassets in Resources */ = {isa = PBXBuildFile; fileRef = 439013051862789B0056A47E /* Images.xcassets */; };
		4390130D1862789B0056A47E /* XCTest.framework in Frameworks */ = {isa = PBXBuildFile; fileRef = 4390130C1862789B0056A47E /* XCTest.framework */; };
		4390130E1862789B0056A47E /* Foundation.framework in Frameworks */ = {isa = PBXBuildFile; fileRef = 439012ED1862789A0056A47E /* Foundation.framework */; };
		4390130F1862789B0056A47E /* UIKit.framework in Frameworks */ = {isa = PBXBuildFile; fileRef = 439012F11862789A0056A47E /* UIKit.framework */; };
		439013171862789B0056A47E /* InfoPlist.strings in Resources */ = {isa = PBXBuildFile; fileRef = 439013151862789B0056A47E /* InfoPlist.strings */; };
		439013191862789B0056A47E /* WebRequestTestTests.m in Sources */ = {isa = PBXBuildFile; fileRef = 439013181862789B0056A47E /* WebRequestTestTests.m */; };
/* End PBXBuildFile section */

/* Begin PBXContainerItemProxy section */
		439013101862789B0056A47E /* PBXContainerItemProxy */ = {
			isa = PBXContainerItemProxy;
			containerPortal = 439012E21862789A0056A47E /* Project object */;
			proxyType = 1;
			remoteGlobalIDString = 439012E91862789A0056A47E;
			remoteInfo = WebRequestTest;
		};
/* End PBXContainerItemProxy section */

/* Begin PBXFileReference section */
		439012EA1862789A0056A47E /* WebRequestTest.app */ = {isa = PBXFileReference; explicitFileType = wrapper.application; includeInIndex = 0; path = WebRequestTest.app; sourceTree = BUILT_PRODUCTS_DIR; };
		439012ED1862789A0056A47E /* Foundation.framework */ = {isa = PBXFileReference; lastKnownFileType = wrapper.framework; name = Foundation.framework; path = System/Library/Frameworks/Foundation.framework; sourceTree = SDKROOT; };
		439012EF1862789A0056A47E /* CoreGraphics.framework */ = {isa = PBXFileReference; lastKnownFileType = wrapper.framework; name = CoreGraphics.framework; path = System/Library/Frameworks/CoreGraphics.framework; sourceTree = SDKROOT; };
		439012F11862789A0056A47E /* UIKit.framework */ = {isa = PBXFileReference; lastKnownFileType = wrapper.framework; name = UIKit.framework; path = System/Library/Frameworks/UIKit.framework; sourceTree = SDKROOT; };
		439012F51862789B0056A47E /* WebRequestTest-Info.plist */ = {isa = PBXFileReference; lastKnownFileType = text.plist.xml; path = "WebRequestTest-Info.plist"; sourceTree = "<group>"; };
		439012F71862789B0056A47E /* en */ = {isa = PBXFileReference; lastKnownFileType = text.plist.strings; name = en; path = en.lproj/InfoPlist.strings; sourceTree = "<group>"; };
		439012F91862789B0056A47E /* main.m */ = {isa = PBXFileReference; lastKnownFileType = sourcecode.c.objc; path = main.m; sourceTree = "<group>"; };
		439012FB1862789B0056A47E /* WebRequestTest-Prefix.pch */ = {isa = PBXFileReference; lastKnownFileType = sourcecode.c.h; path = "WebRequestTest-Prefix.pch"; sourceTree = "<group>"; };
		439012FC1862789B0056A47E /* HDAppDelegate.h */ = {isa = PBXFileReference; lastKnownFileType = sourcecode.c.h; path = HDAppDelegate.h; sourceTree = "<group>"; };
		439012FD1862789B0056A47E /* HDAppDelegate.m */ = {isa = PBXFileReference; lastKnownFileType = sourcecode.c.objc; path = HDAppDelegate.m; sourceTree = "<group>"; };
		439013001862789B0056A47E /* Base */ = {isa = PBXFileReference; lastKnownFileType = file.storyboard; name = Base; path = Base.lproj/Main.storyboard; sourceTree = "<group>"; };
		439013021862789B0056A47E /* HDViewController.h */ = {isa = PBXFileReference; lastKnownFileType = sourcecode.c.h; path = HDViewController.h; sourceTree = "<group>"; };
		439013031862789B0056A47E /* HDViewController.m */ = {isa = PBXFileReference; lastKnownFileType = sourcecode.c.objc; path = HDViewController.m; sourceTree = "<group>"; };
		439013051862789B0056A47E /* Images.xcassets */ = {isa = PBXFileReference; lastKnownFileType = folder.assetcatalog; path = Images.xcassets; sourceTree = "<group>"; };
		4390130B1862789B0056A47E /* WebRequestTestTests.xctest */ = {isa = PBXFileReference; explicitFileType = wrapper.cfbundle; includeInIndex = 0; path = WebRequestTestTests.xctest; sourceTree = BUILT_PRODUCTS_DIR; };
		4390130C1862789B0056A47E /* XCTest.framework */ = {isa = PBXFileReference; lastKnownFileType = wrapper.framework; name = XCTest.framework; path = Library/Frameworks/XCTest.framework; sourceTree = DEVELOPER_DIR; };
		439013141862789B0056A47E /* WebRequestTestTests-Info.plist */ = {isa = PBXFileReference; lastKnownFileType = text.plist.xml; path = "WebRequestTestTests-Info.plist"; sourceTree = "<group>"; };
		439013161862789B0056A47E /* en */ = {isa = PBXFileReference; lastKnownFileType = text.plist.strings; name = en; path = en.lproj/InfoPlist.strings; sourceTree = "<group>"; };
		439013181862789B0056A47E /* WebRequestTestTests.m */ = {isa = PBXFileReference; lastKnownFileType = sourcecode.c.objc; path = WebRequestTestTests.m; sourceTree = "<group>"; };
/* End PBXFileReference section */

/* Begin PBXFrameworksBuildPhase section */
		439012E71862789A0056A47E /* Frameworks */ = {
			isa = PBXFrameworksBuildPhase;
			buildActionMask = 2147483647;
			files = (
				439012F01862789A0056A47E /* CoreGraphics.framework in Frameworks */,
				439012F21862789A0056A47E /* UIKit.framework in Frameworks */,
				439012EE1862789A0056A47E /* Foundation.framework in Frameworks */,
			);
			runOnlyForDeploymentPostprocessing = 0;
		};
		439013081862789B0056A47E /* Frameworks */ = {
			isa = PBXFrameworksBuildPhase;
			buildActionMask = 2147483647;
			files = (
				4390130D1862789B0056A47E /* XCTest.framework in Frameworks */,
				4390130F1862789B0056A47E /* UIKit.framework in Frameworks */,
				4390130E1862789B0056A47E /* Foundation.framework in Frameworks */,
			);
			runOnlyForDeploymentPostprocessing = 0;
		};
/* End PBXFrameworksBuildPhase section */

/* Begin PBXGroup section */
		439012E11862789A0056A47E = {
			isa = PBXGroup;
			children = (
				439012F31862789A0056A47E /* WebRequestTest */,
				439013121862789B0056A47E /* WebRequestTestTests */,
				439012EC1862789A0056A47E /* Frameworks */,
				439012EB1862789A0056A47E /* Products */,
			);
			sourceTree = "<group>";
		};
		439012EB1862789A0056A47E /* Products */ = {
			isa = PBXGroup;
			children = (
				439012EA1862789A0056A47E /* WebRequestTest.app */,
				4390130B1862789B0056A47E /* WebRequestTestTests.xctest */,
			);
			name = Products;
			sourceTree = "<group>";
		};
		439012EC1862789A0056A47E /* Frameworks */ = {
			isa = PBXGroup;
			children = (
				439012ED1862789A0056A47E /* Foundation.framework */,
				439012EF1862789A0056A47E /* CoreGraphics.framework */,
				439012F11862789A0056A47E /* UIKit.framework */,
				4390130C1862789B0056A47E /* XCTest.framework */,
			);
			name = Frameworks;
			sourceTree = "<group>";
		};
		439012F31862789A0056A47E /* WebRequestTest */ = {
			isa = PBXGroup;
			children = (
				439012FC1862789B0056A47E /* HDAppDelegate.h */,
				439012FD1862789B0056A47E /* HDAppDelegate.m */,
				439012FF1862789B0056A47E /* Main.storyboard */,
				439013021862789B0056A47E /* HDViewController.h */,
				439013031862789B0056A47E /* HDViewController.m */,
				439013051862789B0056A47E /* Images.xcassets */,
				439012F41862789B0056A47E /* Supporting Files */,
			);
			path = WebRequestTest;
			sourceTree = "<group>";
		};
		439012F41862789B0056A47E /* Supporting Files */ = {
			isa = PBXGroup;
			children = (
				439012F51862789B0056A47E /* WebRequestTest-Info.plist */,
				439012F61862789B0056A47E /* InfoPlist.strings */,
				439012F91862789B0056A47E /* main.m */,
				439012FB1862789B0056A47E /* WebRequestTest-Prefix.pch */,
			);
			name = "Supporting Files";
			sourceTree = "<group>";
		};
		439013121862789B0056A47E /* WebRequestTestTests */ = {
			isa = PBXGroup;
			children = (
				439013181862789B0056A47E /* WebRequestTestTests.m */,
				439013131862789B0056A47E /* Supporting Files */,
			);
			path = WebRequestTestTests;
			sourceTree = "<group>";
		};
		439013131862789B0056A47E /* Supporting Files */ = {
			isa = PBXGroup;
			children = (
				439013141862789B0056A47E /* WebRequestTestTests-Info.plist */,
				439013151862789B0056A47E /* InfoPlist.strings */,
			);
			name = "Supporting Files";
			sourceTree = "<group>";
		};
/* End PBXGroup section */

/* Begin PBXNativeTarget section */
		439012E91862789A0056A47E /* WebRequestTest */ = {
			isa = PBXNativeTarget;
			buildConfigurationList = 4390131C1862789C0056A47E /* Build configuration list for PBXNativeTarget "WebRequestTest" */;
			buildPhases = (
				439012E61862789A0056A47E /* Sources */,
				439012E71862789A0056A47E /* Frameworks */,
				439012E81862789A0056A47E /* Resources */,
			);
			buildRules = (
			);
			dependencies = (
			);
			name = WebRequestTest;
			productName = WebRequestTest;
			productReference = 439012EA1862789A0056A47E /* WebRequestTest.app */;
			productType = "com.apple.product-type.application";
		};
		4390130A1862789B0056A47E /* WebRequestTestTests */ = {
			isa = PBXNativeTarget;
			buildConfigurationList = 4390131F1862789C0056A47E /* Build configuration list for PBXNativeTarget "WebRequestTestTests" */;
			buildPhases = (
				439013071862789B0056A47E /* Sources */,
				439013081862789B0056A47E /* Frameworks */,
				439013091862789B0056A47E /* Resources */,
			);
			buildRules = (
			);
			dependencies = (
				439013111862789B0056A47E /* PBXTargetDependency */,
			);
			name = WebRequestTestTests;
			productName = WebRequestTestTests;
			productReference = 4390130B1862789B0056A47E /* WebRequestTestTests.xctest */;
			productType = "com.apple.product-type.bundle.unit-test";
		};
/* End PBXNativeTarget section */

/* Begin PBXProject section */
		439012E21862789A0056A47E /* Project object */ = {
			isa = PBXProject;
			attributes = {
				CLASSPREFIX = HD;
				LastUpgradeCheck = 0500;
				ORGANIZATIONNAME = Chris;
				TargetAttributes = {
					4390130A1862789B0056A47E = {
						TestTargetID = 439012E91862789A0056A47E;
					};
				};
			};
			buildConfigurationList = 439012E51862789A0056A47E /* Build configuration list for PBXProject "WebRequestTest" */;
			compatibilityVersion = "Xcode 3.2";
			developmentRegion = English;
			hasScannedForEncodings = 0;
			knownRegions = (
				en,
				Base,
			);
			mainGroup = 439012E11862789A0056A47E;
			productRefGroup = 439012EB1862789A0056A47E /* Products */;
			projectDirPath = "";
			projectRoot = "";
			targets = (
				439012E91862789A0056A47E /* WebRequestTest */,
				4390130A1862789B0056A47E /* WebRequestTestTests */,
			);
		};
/* End PBXProject section */

/* Begin PBXResourcesBuildPhase section */
		439012E81862789A0056A47E /* Resources */ = {
			isa = PBXResourcesBuildPhase;
			buildActionMask = 2147483647;
			files = (
				439013061862789B0056A47E /* Images.xcassets in Resources */,
				439012F81862789B0056A47E /* InfoPlist.strings in Resources */,
				439013011862789B0056A47E /* Main.storyboard in Resources */,
			);
			runOnlyForDeploymentPostprocessing = 0;
		};
		439013091862789B0056A47E /* Resources */ = {
			isa = PBXResourcesBuildPhase;
			buildActionMask = 2147483647;
			files = (
				439013171862789B0056A47E /* InfoPlist.strings in Resources */,
			);
			runOnlyForDeploymentPostprocessing = 0;
		};
/* End PBXResourcesBuildPhase section */

/* Begin PBXSourcesBuildPhase section */
		439012E61862789A0056A47E /* Sources */ = {
			isa = PBXSourcesBuildPhase;
			buildActionMask = 2147483647;
			files = (
				439013041862789B0056A47E /* HDViewController.m in Sources */,
				439012FE1862789B0056A47E /* HDAppDelegate.m in Sources */,
				439012FA1862789B0056A47E /* main.m in Sources */,
			);
			runOnlyForDeploymentPostprocessing = 0;
		};
		439013071862789B0056A47E /* Sources */ = {
			isa = PBXSourcesBuildPhase;
			buildActionMask = 2147483647;
			files = (
				439013191862789B0056A47E /* WebRequestTestTests.m in Sources */,
			);
			runOnlyForDeploymentPostprocessing = 0;
		};
/* End PBXSourcesBuildPhase section */

/* Begin PBXTargetDependency section */
		439013111862789B0056A47E /* PBXTargetDependency */ = {
			isa = PBXTargetDependency;
			target = 439012E91862789A0056A47E /* WebRequestTest */;
			targetProxy = 439013101862789B0056A47E /* PBXContainerItemProxy */;
		};
/* End PBXTargetDependency section */

/* Begin PBXVariantGroup section */
		439012F61862789B0056A47E /* InfoPlist.strings */ = {
			isa = PBXVariantGroup;
			children = (
				439012F71862789B0056A47E /* en */,
			);
			name = InfoPlist.strings;
			sourceTree = "<group>";
		};
		439012FF1862789B0056A47E /* Main.storyboard */ = {
			isa = PBXVariantGroup;
			children = (
				439013001862789B0056A47E /* Base */,
			);
			name = Main.storyboard;
			sourceTree = "<group>";
		};
		439013151862789B0056A47E /* InfoPlist.strings */ = {
			isa = PBXVariantGroup;
			children = (
				439013161862789B0056A47E /* en */,
			);
			name = InfoPlist.strings;
			sourceTree = "<group>";
		};
/* End PBXVariantGroup section */

/* Begin XCBuildConfiguration section */
		4390131A1862789C0056A47E /* Debug */ = {
			isa = XCBuildConfiguration;
			buildSettings = {
				ALWAYS_SEARCH_USER_PATHS = NO;
				ARCHS = "$(ARCHS_STANDARD_INCLUDING_64_BIT)";
				CLANG_CXX_LANGUAGE_STANDARD = "gnu++0x";
				CLANG_CXX_LIBRARY = "libc++";
				CLANG_ENABLE_MODULES = YES;
				CLANG_ENABLE_OBJC_ARC = YES;
				CLANG_WARN_BOOL_CONVERSION = YES;
				CLANG_WARN_CONSTANT_CONVERSION = YES;
				CLANG_WARN_DIRECT_OBJC_ISA_USAGE = YES_ERROR;
				CLANG_WARN_EMPTY_BODY = YES;
				CLANG_WARN_ENUM_CONVERSION = YES;
				CLANG_WARN_INT_CONVERSION = YES;
				CLANG_WARN_OBJC_ROOT_CLASS = YES_ERROR;
				CLANG_WARN__DUPLICATE_METHOD_MATCH = YES;
				"CODE_SIGN_IDENTITY[sdk=iphoneos*]" = "iPhone Developer";
				COPY_PHASE_STRIP = NO;
				GCC_C_LANGUAGE_STANDARD = gnu99;
				GCC_DYNAMIC_NO_PIC = NO;
				GCC_OPTIMIZATION_LEVEL = 0;
				GCC_PREPROCESSOR_DEFINITIONS = (
					"DEBUG=1",
					"$(inherited)",
				);
				GCC_SYMBOLS_PRIVATE_EXTERN = NO;
				GCC_WARN_64_TO_32_BIT_CONVERSION = YES;
				GCC_WARN_ABOUT_RETURN_TYPE = YES_ERROR;
				GCC_WARN_UNDECLARED_SELECTOR = YES;
				GCC_WARN_UNINITIALIZED_AUTOS = YES;
				GCC_WARN_UNUSED_FUNCTION = YES;
				GCC_WARN_UNUSED_VARIABLE = YES;
				IPHONEOS_DEPLOYMENT_TARGET = 7.0;
				ONLY_ACTIVE_ARCH = YES;
				SDKROOT = iphoneos;
			};
			name = Debug;
		};
		4390131B1862789C0056A47E /* Release */ = {
			isa = XCBuildConfiguration;
			buildSettings = {
				ALWAYS_SEARCH_USER_PATHS = NO;
				ARCHS = "$(ARCHS_STANDARD_INCLUDING_64_BIT)";
				CLANG_CXX_LANGUAGE_STANDARD = "gnu++0x";
				CLANG_CXX_LIBRARY = "libc++";
				CLANG_ENABLE_MODULES = YES;
				CLANG_ENABLE_OBJC_ARC = YES;
				CLANG_WARN_BOOL_CONVERSION = YES;
				CLANG_WARN_CONSTANT_CONVERSION = YES;
				CLANG_WARN_DIRECT_OBJC_ISA_USAGE = YES_ERROR;
				CLANG_WARN_EMPTY_BODY = YES;
				CLANG_WARN_ENUM_CONVERSION = YES;
				CLANG_WARN_INT_CONVERSION = YES;
				CLANG_WARN_OBJC_ROOT_CLASS = YES_ERROR;
				CLANG_WARN__DUPLICATE_METHOD_MATCH = YES;
				"CODE_SIGN_IDENTITY[sdk=iphoneos*]" = "iPhone Developer";
				COPY_PHASE_STRIP = YES;
				ENABLE_NS_ASSERTIONS = NO;
				GCC_C_LANGUAGE_STANDARD = gnu99;
				GCC_WARN_64_TO_32_BIT_CONVERSION = YES;
				GCC_WARN_ABOUT_RETURN_TYPE = YES_ERROR;
				GCC_WARN_UNDECLARED_SELECTOR = YES;
				GCC_WARN_UNINITIALIZED_AUTOS = YES;
				GCC_WARN_UNUSED_FUNCTION = YES;
				GCC_WARN_UNUSED_VARIABLE = YES;
				IPHONEOS_DEPLOYMENT_TARGET = 7.0;
				SDKROOT = iphoneos;
				VALIDATE_PRODUCT = YES;
			};
			name = Release;
		};
		4390131D1862789C0056A47E /* Debug */ = {
			isa = XCBuildConfiguration;
			buildSettings = {
				ASSETCATALOG_COMPILER_APPICON_NAME = AppIcon;
				ASSETCATALOG_COMPILER_LAUNCHIMAGE_NAME = LaunchImage;
				GCC_PRECOMPILE_PREFIX_HEADER = YES;
				GCC_PREFIX_HEADER = "WebRequestTest/WebRequestTest-Prefix.pch";
				INFOPLIST_FILE = "WebRequestTest/WebRequestTest-Info.plist";
				PRODUCT_NAME = "$(TARGET_NAME)";
				WRAPPER_EXTENSION = app;
			};
			name = Debug;
		};
		4390131E1862789C0056A47E /* Release */ = {
			isa = XCBuildConfiguration;
			buildSettings = {
				ASSETCATALOG_COMPILER_APPICON_NAME = AppIcon;
				ASSETCATALOG_COMPILER_LAUNCHIMAGE_NAME = LaunchImage;
				GCC_PRECOMPILE_PREFIX_HEADER = YES;
				GCC_PREFIX_HEADER = "WebRequestTest/WebRequestTest-Prefix.pch";
				INFOPLIST_FILE = "WebRequestTest/WebRequestTest-Info.plist";
				PRODUCT_NAME = "$(TARGET_NAME)";
				WRAPPER_EXTENSION = app;
			};
			name = Release;
		};
		439013201862789C0056A47E /* Debug */ = {
			isa = XCBuildConfiguration;
			buildSettings = {
				ARCHS = "$(ARCHS_STANDARD_INCLUDING_64_BIT)";
				BUNDLE_LOADER = "$(BUILT_PRODUCTS_DIR)/WebRequestTest.app/WebRequestTest";
				FRAMEWORK_SEARCH_PATHS = (
					"$(SDKROOT)/Developer/Library/Frameworks",
					"$(inherited)",
					"$(DEVELOPER_FRAMEWORKS_DIR)",
				);
				GCC_PRECOMPILE_PREFIX_HEADER = YES;
				GCC_PREFIX_HEADER = "WebRequestTest/WebRequestTest-Prefix.pch";
				GCC_PREPROCESSOR_DEFINITIONS = (
					"DEBUG=1",
					"$(inherited)",
				);
				INFOPLIST_FILE = "WebRequestTestTests/WebRequestTestTests-Info.plist";
				PRODUCT_NAME = "$(TARGET_NAME)";
				TEST_HOST = "$(BUNDLE_LOADER)";
				WRAPPER_EXTENSION = xctest;
			};
			name = Debug;
		};
		439013211862789C0056A47E /* Release */ = {
			isa = XCBuildConfiguration;
			buildSettings = {
				ARCHS = "$(ARCHS_STANDARD_INCLUDING_64_BIT)";
				BUNDLE_LOADER = "$(BUILT_PRODUCTS_DIR)/WebRequestTest.app/WebRequestTest";
				FRAMEWORK_SEARCH_PATHS = (
					"$(SDKROOT)/Developer/Library/Frameworks",
					"$(inherited)",
					"$(DEVELOPER_FRAMEWORKS_DIR)",
				);
				GCC_PRECOMPILE_PREFIX_HEADER = YES;
				GCC_PREFIX_HEADER = "WebRequestTest/WebRequestTest-Prefix.pch";
				INFOPLIST_FILE = "WebRequestTestTests/WebRequestTestTests-Info.plist";
				PRODUCT_NAME = "$(TARGET_NAME)";
				TEST_HOST = "$(BUNDLE_LOADER)";
				WRAPPER_EXTENSION = xctest;
			};
			name = Release;
		};
/* End XCBuildConfiguration section */

/* Begin XCConfigurationList section */
		439012E51862789A0056A47E /* Build configuration list for PBXProject "WebRequestTest" */ = {
			isa = XCConfigurationList;
			buildConfigurations = (
				4390131A1862789C0056A47E /* Debug */,
				4390131B1862789C0056A47E /* Release */,
			);
			defaultConfigurationIsVisible = 0;
			defaultConfigurationName = Release;
		};
		4390131C1862789C0056A47E /* Build configuration list for PBXNativeTarget "WebRequestTest" */ = {
			isa = XCConfigurationList;
			buildConfigurations = (
				4390131D1862789C0056A47E /* Debug */,
				4390131E1862789C0056A47E /* Release */,
			);
			defaultConfigurationIsVisible = 0;
		};
		4390131F1862789C0056A47E /* Build configuration list for PBXNativeTarget "WebRequestTestTests" */ = {
			isa = XCConfigurationList;
			buildConfigurations = (
				439013201862789C0056A47E /* Debug */,
				439013211862789C0056A47E /* Release */,
			);
			defaultConfigurationIsVisible = 0;
		};
/* End XCConfigurationList section */
	};
	rootObject = 439012E21862789A0056A47E /* Project object */;
}
